
Microsoft Visual Studio Solution File, Format Version 12.00
# Visual Studio Version 16
VisualStudioVersion = 16.0.31424.327
MinimumVisualStudioVersion = 10.0.40219.1
Project("{FAE04EC0-301F-11D3-BF4B-00C04F79EFBC}") = "FG_CHECK", "FG_CHECK\FG_CHECK.csproj", "{723410B0-65CC-454C-B1EF-4B6A59669CF3}"
EndProject
Global
	GlobalSection(SolutionConfigurationPlatforms) = preSolution
		Debug|Any CPU = Debug|Any CPU
		Release|Any CPU = Release|Any CPU
	EndGlobalSection
	GlobalSection(ProjectConfigurationPlatforms) = postSolution
		{723410B0-65CC-454C-B1EF-4B6A59669CF3}.Debug|Any CPU.ActiveCfg = Debug|Any CPU
		{723410B0-65CC-454C-B1EF-4B6A59669CF3}.Debug|Any CPU.Build.0 = Debug|Any CPU
		{723410B0-65CC-454C-B1EF-4B6A59669CF3}.Release|Any CPU.ActiveCfg = Release|Any CPU
		{723410B0-65CC-454C-B1EF-4B6A59669CF3}.Release|Any CPU.Build.0 = Release|Any CPU
	EndGlobalSection
	GlobalSection(SolutionProperties) = preSolution
		HideSolutionNode = FALSE
	EndGlobalSection
	GlobalSection(ExtensibilityGlobals) = postSolution
		SolutionGuid = {16DB2CB3-BE86-4734-8E36-9D788D9D187C}
	EndGlobalSection
EndGlobal
