
Microsoft Visual Studio Solution File, Format Version 12.00
# Visual Studio Version 16
VisualStudioVersion = 16.0.31424.327
MinimumVisualStudioVersion = 10.0.40219.1
Project("{FAE04EC0-301F-11D3-BF4B-00C04F79EFBC}") = "CodeSoft", "CodeSoft_9Codes\CodeSoft.csproj", "{209C5B54-D7C0-4FF0-B7BE-8568D3AA4B8B}"
EndProject
Global
	GlobalSection(SolutionConfigurationPlatforms) = preSolution
		Debug|Any CPU = Debug|Any CPU
		Release|Any CPU = Release|Any CPU
	EndGlobalSection
	GlobalSection(ProjectConfigurationPlatforms) = postSolution
		{209C5B54-D7C0-4FF0-B7BE-8568D3AA4B8B}.Debug|Any CPU.ActiveCfg = Debug|Any CPU
		{209C5B54-D7C0-4FF0-B7BE-8568D3AA4B8B}.Debug|Any CPU.Build.0 = Debug|Any CPU
		{209C5B54-D7C0-4FF0-B7BE-8568D3AA4B8B}.Release|Any CPU.ActiveCfg = Release|Any CPU
		{209C5B54-D7C0-4FF0-B7BE-8568D3AA4B8B}.Release|Any CPU.Build.0 = Release|Any CPU
	EndGlobalSection
	GlobalSection(SolutionProperties) = preSolution
		HideSolutionNode = FALSE
	EndGlobalSection
	GlobalSection(ExtensibilityGlobals) = postSolution
		SolutionGuid = {A0A169EE-D3CA-494E-AB77-966ED78835C5}
	EndGlobalSection
EndGlobal
