
Microsoft Visual Studio Solution File, Format Version 12.00
# Visual Studio Version 16
VisualStudioVersion = 16.0.28729.10
MinimumVisualStudioVersion = 10.0.40219.1
Project("{FAE04EC0-301F-11D3-BF4B-00C04F79EFBC}") = "PACKINGBOXID_CFG", "PACKINGBOXID_CFG\PACKINGBOXID_CFG.csproj", "{F3446A0E-4115-4044-8ACE-E3836864B406}"
EndProject
Global
	GlobalSection(SolutionConfigurationPlatforms) = preSolution
		Debug|Any CPU = Debug|Any CPU
		Release|Any CPU = Release|Any CPU
	EndGlobalSection
	GlobalSection(ProjectConfigurationPlatforms) = postSolution
		{F3446A0E-4115-4044-8ACE-E3836864B406}.Debug|Any CPU.ActiveCfg = Debug|Any CPU
		{F3446A0E-4115-4044-8ACE-E3836864B406}.Debug|Any CPU.Build.0 = Debug|Any CPU
		{F3446A0E-4115-4044-8ACE-E3836864B406}.Release|Any CPU.ActiveCfg = Release|Any CPU
		{F3446A0E-4115-4044-8ACE-E3836864B406}.Release|Any CPU.Build.0 = Release|Any CPU
	EndGlobalSection
	GlobalSection(SolutionProperties) = preSolution
		HideSolutionNode = FALSE
	EndGlobalSection
	GlobalSection(ExtensibilityGlobals) = postSolution
		SolutionGuid = {70D5EE12-2427-434B-AA3D-4525748F6942}
	EndGlobalSection
EndGlobal
